%{
  "bandit": {:git, "https://github.com/mtrudel/bandit.git", "93425450b16d94513a928ce19cb4b5422bc04a84", [tag: "1.5.7"]},
  "castore": {:git, "https://github.com/elixir-mint/castore.git", "428328b630f7247a9eb2380792adda9d5e537673", [tag: "v1.0.9"]},
  "dns_cluster": {:git, "https://github.com/phoenixframework/dns_cluster.git", "c93995e5a065910b86c1cec9bc27870ed9f58b90", [tag: "v0.1.3"]},
  "esbuild": {:git, "https://github.com/phoenixframework/esbuild.git", "7153c6e64a03edd3dfae2515ae893727491f0267", [tag: "v0.8.2"]},
  "file_system": {:git, "https://github.com/falood/file_system.git", "9f3d3780c2e1fe207e837a78be54650cb6af404e", [tag: "v1.0.1"]},
  "floki": {:git, "https://github.com/philss/floki.git", "241eeb2807eda9f660e84d627fede8684811b7b6", [tag: "v0.36.2"]},
  "heroicons": {:git, "https://github.com/tailwindlabs/heroicons.git", "88ab3a0d790e6a47404cba02800a6b25d2afae50", [tag: "v2.1.1", sparse: "optimized"]},
  "hpax": {:git, "https://github.com/elixir-mint/hpax.git", "46fece83ea6f7c5c5efa4d6a892a5e28f932b1d0", [tag: "v1.0.0"]},
  "jason": {:git, "https://github.com/michalmuskala/jason.git", "926d2ac6cc0271b9a7079b2ec16ae0cf802f7963", [tag: "v1.4.4"]},
  "mime": {:git, "https://github.com/elixir-plug/mime.git", "30db90a63ca14732f9c6b9d733c89cd161451b15", [tag: "v2.0.6"]},
  "phoenix": {:git, "https://github.com/phoenixframework/phoenix.git", "e99f657f1cc9062fca0f2b8b79bc90659d8bd514", [tag: "v1.7.14"]},
  "phoenix_html": {:git, "https://github.com/phoenixframework/phoenix_html.git", "2b222dbf104b3ac952053de441b61f56f89f4bf8", [tag: "v4.1.1"]},
  "phoenix_live_reload": {:git, "https://github.com/phoenixframework/phoenix_live_reload.git", "a851d314957f8056ad7fbaa1127121214d2a4e0a", [tag: "v1.5.3"]},
  "phoenix_live_view": {:git, "https://github.com/phoenixframework/phoenix_live_view.git", "f778e5bb1a4b0a29f8d688bbc6c0b7182dea51ca", [tag: "v0.20.17"]},
  "phoenix_pubsub": {:git, "https://github.com/phoenixframework/phoenix_pubsub.git", "43ab10bfcec56f82e915c246c2dd9dba438fe8da", [tag: "v2.1.3"]},
  "phoenix_template": {:git, "https://github.com/phoenixframework/phoenix_template.git", "90a8c78f35f31cd1a0f04c534bf49aa9a3265252", [tag: "v1.0.4"]},
  "plug": {:git, "https://github.com/elixir-plug/plug.git", "cc535b13c5569f199dbde5ca5c030eb8a6d61e8b", [tag: "v1.16.1"]},
  "plug_crypto": {:git, "https://github.com/elixir-plug/plug_crypto.git", "8217d4da89ce288b69533970dc4f48606a9a6fcd", [tag: "v2.1.0"]},
  "tailwind": {:git, "https://github.com/phoenixframework/tailwind.git", "194ab0f979782e4ccf2fe796042bf8e20967df93", [tag: "v0.2.4"]},
  "telemetry": {:git, "https://github.com/beam-telemetry/telemetry.git", "8d8af76720856bcf26641ee1307658ad8f25e466", [tag: "v1.3.0"]},
  "telemetry_metrics": {:git, "https://github.com/beam-telemetry/telemetry_metrics.git", "182dbd7f16bb7a37585e21a276db6fdea12419f5", [tag: "v1.0.0"]},
  "telemetry_poller": {:git, "https://github.com/beam-telemetry/telemetry_poller.git", "f03b35292f9c63cd51d3703bca9e63c8a6bd71b9", [tag: "v1.1.0"]},
  "thousand_island": {:git, "https://github.com/mtrudel/thousand_island.git", "76c6e1c521bcd77b2e04b40d1d9d1151571f7315", [tag: "1.3.5"]},
  "websock": {:git, "https://github.com/phoenixframework/websock.git", "095d3ae68f6288c6b7b7fef1a844f843898684a5", [tag: "0.5.3"]},
  "websock_adapter": {:git, "https://github.com/phoenixframework/websock_adapter.git", "c4c6ea66a1d65436be869abc6224b90317e4950a", [tag: "0.5.7"]},
}
